
Microsoft Visual Studio Solution File, Format Version 12.00
# Visual Studio Version 17
VisualStudioVersion = 17.0.32014.148
MinimumVisualStudioVersion = 10.0.40219.1
Project("{FAE04EC0-301F-11D3-BF4B-00C04F79EFBC}") = "CrimeMovies", "CrimeMovies\CrimeMovies.csproj", "{23D1D1FB-E8A7-4B18-AF0D-3F8B8B815028}"
EndProject
Global
	GlobalSection(SolutionConfigurationPlatforms) = preSolution
		Debug|Any CPU = Debug|Any CPU
		Release|Any CPU = Release|Any CPU
	EndGlobalSection
	GlobalSection(ProjectConfigurationPlatforms) = postSolution
		{23D1D1FB-E8A7-4B18-AF0D-3F8B8B815028}.Debug|Any CPU.ActiveCfg = Debug|Any CPU
		{23D1D1FB-E8A7-4B18-AF0D-3F8B8B815028}.Debug|Any CPU.Build.0 = Debug|Any CPU
		{23D1D1FB-E8A7-4B18-AF0D-3F8B8B815028}.Release|Any CPU.ActiveCfg = Release|Any CPU
		{23D1D1FB-E8A7-4B18-AF0D-3F8B8B815028}.Release|Any CPU.Build.0 = Release|Any CPU
	EndGlobalSection
	GlobalSection(SolutionProperties) = preSolution
		HideSolutionNode = FALSE
	EndGlobalSection
	GlobalSection(ExtensibilityGlobals) = postSolution
		SolutionGuid = {3AD7E7AA-A324-4C6F-887E-44DB1DF63066}
	EndGlobalSection
EndGlobal
